{
  "originHash" : "0da9fa23290c75a06cf2d88ffeab37061a648ea0656f8262ec633d415fa7466a",
  "pins" : [
    {
      "identity" : "clerk-ios",
      "kind" : "remoteSourceControl",
      "location" : "https://github.com/clerk/clerk-ios.git",
      "state" : {
        "revision" : "a1c3130229bac20bc915b2c9894b83e518c8ddd1",
        "version" : "1.2.5"
      }
    },
    {
      "identity" : "nuke",
      "kind" : "remoteSourceControl",
      "location" : "https://github.com/kean/Nuke.git",
      "state" : {
        "revision" : "63a8fcbd6621340a2410bc3e9575ac97058615f4",
        "version" : "13.0.6"
      }
    },
    {
      "identity" : "phonenumberkit",
      "kind" : "remoteSourceControl",
      "location" : "https://github.com/PhoneNumberKit/PhoneNumberKit",
      "state" : {
        "revision" : "c93fb1c3eef581fbd08acf99d4886dea12b5c1dc",
        "version" : "5.0.3"
      }
    }
  ],
  "version" : 3
}
