// !$*UTF8*$!
{
	archiveVersion = 1;
	classes = {
	};
	objectVersion = 54;
	objects = {

/* Begin PBXBuildFile section */
		13B07FBF1A68108700A75B9A /* Images.xcassets in Resources */ = {isa = PBXBuildFile; fileRef = 13B07FB51A68108700A75B9A /* Images.xcassets */; };
		3E461D99554A48A4959DE609 /* SplashScreen.storyboard in Resources */ = {isa = PBXBuildFile; fileRef = AA286B85B6C04FC6940260E9 /* SplashScreen.storyboard */; };
		4D059F33CE3D630585D347AB /* libPods-Tote.a in Frameworks */ = {isa = PBXBuildFile; fileRef = A4DE36215F5B28925C117E58 /* libPods-Tote.a */; };
		6271B06F5D2B1D060982D3EF /* PrivacyInfo.xcprivacy in Resources */ = {isa = PBXBuildFile; fileRef = F63ADE7DA70FA1089A0A5F6E /* PrivacyInfo.xcprivacy */; };
		652C1ECF6583A942AFAB68C2 /* ExpoModulesProvider.swift in Sources */ = {isa = PBXBuildFile; fileRef = CE1F9B15DFFCF120E00E2170 /* ExpoModulesProvider.swift */; };
		8B44CAF14B32F95FC37516F4 /* ExpoModulesProvider.swift in Sources */ = {isa = PBXBuildFile; fileRef = E846117E45F3775A5AB8AFE3 /* ExpoModulesProvider.swift */; };
		9B3687C7E8E44663BA9F2E30 /* ToteShareExtension.appex in Copy Files */ = {isa = PBXBuildFile; fileRef = 7D75A8D406CA4267B4EBC293 /* ToteShareExtension.appex */; };
		9FCC31A23AE64C1D8FB494EC /* ShareExtensionViewController.swift in Sources */ = {isa = PBXBuildFile; fileRef = 0C25499830824171A93205B6 /* ShareExtensionViewController.swift */; };
		BB2F792D24A3F905000567C9 /* Expo.plist in Resources */ = {isa = PBXBuildFile; fileRef = BB2F792C24A3F905000567C9 /* Expo.plist */; };
		CA887B8474AB1C0DA3D717C9 /* libPods-ToteShareExtension.a in Frameworks */ = {isa = PBXBuildFile; fileRef = 03D0E0CAB8065AC8DF36DA68 /* libPods-ToteShareExtension.a */; };
		D1A001000000000000000001 /* AppGroupModule.swift in Sources */ = {isa = PBXBuildFile; fileRef = D1A001000000000000000002 /* AppGroupModule.swift */; };
		D1A001000000000000000003 /* AppGroupModule.m in Sources */ = {isa = PBXBuildFile; fileRef = D1A001000000000000000004 /* AppGroupModule.m */; };
		F11748422D0307B40044C1D9 /* AppDelegate.swift in Sources */ = {isa = PBXBuildFile; fileRef = F11748412D0307B40044C1D9 /* AppDelegate.swift */; };
		EC4B7EC47083486FAB8AA932 /* ToteShareExtension.appex in Copy Files */ = {isa = PBXBuildFile; fileRef = 587F7F927B664B729A9951D0 /* ToteShareExtension.appex */; };
		EF0A9B5566DB4785B78748FE = {isa = PBXBuildFile; fileRef = E20BE5A05F9344A5A18ECCAF /* ClerkViewFactory.swift */; };
/* End PBXBuildFile section */

/* Begin PBXContainerItemProxy section */
		54022F826DB04F3FA7B10EBE /* PBXContainerItemProxy */ = {
			isa = PBXContainerItemProxy;
			containerPortal = 83CBB9F71A601CBA00E9B192 /* Project object */;
			proxyType = 1;
			remoteGlobalIDString = 7D12177554AC4AF4A4260915;
			remoteInfo = ToteShareExtension;
		};
		7CBDB40CDCAC4FD6B7C979AE /* PBXContainerItemProxy */ = {
			isa = PBXContainerItemProxy;
			containerPortal = 83CBB9F71A601CBA00E9B192 /* Project object */;
			proxyType = 1;
			remoteGlobalIDString = 2D58E4825E114A62A477C054;
			remoteInfo = ToteShareExtension;
		};
/* End PBXContainerItemProxy section */

/* Begin PBXCopyFilesBuildPhase section */
		4778578B65FF4206B419D1BC /* Embed Foundation Extensions */ = {
			isa = PBXCopyFilesBuildPhase;
			buildActionMask = 2147483647;
			dstPath = "";
			dstSubfolderSpec = 13;
			files = (
			);
			name = "Embed Foundation Extensions";
			runOnlyForDeploymentPostprocessing = 0;
		};
		F315F8A8B6BB47799B3F3FE3 /* Copy Files */ = {
			isa = PBXCopyFilesBuildPhase;
			buildActionMask = 2147483647;
			dstPath = "";
			dstSubfolderSpec = 13;
			files = (
				9B3687C7E8E44663BA9F2E30 /* ToteShareExtension.appex in Copy Files */,
				EC4B7EC47083486FAB8AA932 /* ToteShareExtension.appex in Copy Files */,
			);
			name = "Copy Files";
			runOnlyForDeploymentPostprocessing = 0;
		};
		D47F831D17D84CE8BEDEF2F2 /* Embed Foundation Extensions */ = {
			isa = PBXCopyFilesBuildPhase;
			buildActionMask = 2147483647;
			files = (
			);
			runOnlyForDeploymentPostprocessing = 0;
			name = "Embed Foundation Extensions";
			dstPath = "";
			dstSubfolderSpec = 13;
		};
		E7E98F37C9694A488F0B0C63 /* Copy Files */ = {
			isa = PBXCopyFilesBuildPhase;
			buildActionMask = 2147483647;
			files = (
			);
			runOnlyForDeploymentPostprocessing = 0;
			name = "Copy Files";
			dstPath = "";
			dstSubfolderSpec = 13;
		};
/* End PBXCopyFilesBuildPhase section */

/* Begin PBXFileReference section */
		03D0E0CAB8065AC8DF36DA68 /* libPods-ToteShareExtension.a */ = {isa = PBXFileReference; explicitFileType = archive.ar; includeInIndex = 0; path = "libPods-ToteShareExtension.a"; sourceTree = BUILT_PRODUCTS_DIR; };
		0C25499830824171A93205B6 /* ShareExtensionViewController.swift */ = {isa = PBXFileReference; explicitFileType = undefined; fileEncoding = 4; includeInIndex = 0; lastKnownFileType = sourcecode.swift; name = ShareExtensionViewController.swift; path = ShareExtensionViewController.swift; sourceTree = "<group>"; };
		11377C77A85144E4A2F77817 /* ToteShareExtension.entitlements */ = {isa = PBXFileReference; explicitFileType = undefined; fileEncoding = undefined; includeInIndex = 0; lastKnownFileType = unknown; name = ToteShareExtension.entitlements; path = ToteShareExtension.entitlements; sourceTree = "<group>"; };
		13B07F961A680F5B00A75B9A /* Tote.app */ = {isa = PBXFileReference; explicitFileType = wrapper.application; includeInIndex = 0; path = Tote.app; sourceTree = BUILT_PRODUCTS_DIR; };
		13B07FB51A68108700A75B9A /* Images.xcassets */ = {isa = PBXFileReference; lastKnownFileType = folder.assetcatalog; name = Images.xcassets; path = Tote/Images.xcassets; sourceTree = "<group>"; };
		13B07FB61A68108700A75B9A /* Info.plist */ = {isa = PBXFileReference; fileEncoding = 4; lastKnownFileType = text.plist.xml; name = Info.plist; path = Tote/Info.plist; sourceTree = "<group>"; };
		369E815012A04E2BBC92435A /* Pods-ToteShareExtension.release.xcconfig */ = {isa = PBXFileReference; includeInIndex = 1; lastKnownFileType = text.xcconfig; name = "Pods-ToteShareExtension.release.xcconfig"; path = "Target Support Files/Pods-ToteShareExtension/Pods-ToteShareExtension.release.xcconfig"; sourceTree = "<group>"; };
		7D75A8D406CA4267B4EBC293 /* ToteShareExtension.appex */ = {isa = PBXFileReference; explicitFileType = "wrapper.app-extension"; fileEncoding = undefined; includeInIndex = 0; lastKnownFileType = undefined; name = ToteShareExtension.appex; path = ToteShareExtension.appex; sourceTree = BUILT_PRODUCTS_DIR; };
		7EC8B4E71CF39DBFE9D47C4A /* Pods-Tote.release.xcconfig */ = {isa = PBXFileReference; includeInIndex = 1; lastKnownFileType = text.xcconfig; name = "Pods-Tote.release.xcconfig"; path = "Target Support Files/Pods-Tote/Pods-Tote.release.xcconfig"; sourceTree = "<group>"; };
		A4DE36215F5B28925C117E58 /* libPods-Tote.a */ = {isa = PBXFileReference; explicitFileType = archive.ar; includeInIndex = 0; path = "libPods-Tote.a"; sourceTree = BUILT_PRODUCTS_DIR; };
		A5CD91793F97C5B66CDABC83 /* Pods-Tote.debug.xcconfig */ = {isa = PBXFileReference; includeInIndex = 1; lastKnownFileType = text.xcconfig; name = "Pods-Tote.debug.xcconfig"; path = "Target Support Files/Pods-Tote/Pods-Tote.debug.xcconfig"; sourceTree = "<group>"; };
		AA286B85B6C04FC6940260E9 /* SplashScreen.storyboard */ = {isa = PBXFileReference; fileEncoding = 4; lastKnownFileType = file.storyboard; name = SplashScreen.storyboard; path = Tote/SplashScreen.storyboard; sourceTree = "<group>"; };
		BB2F792C24A3F905000567C9 /* Expo.plist */ = {isa = PBXFileReference; fileEncoding = 4; lastKnownFileType = text.plist.xml; path = Expo.plist; sourceTree = "<group>"; };
		CE1F9B15DFFCF120E00E2170 /* ExpoModulesProvider.swift */ = {isa = PBXFileReference; includeInIndex = 1; lastKnownFileType = sourcecode.swift; name = ExpoModulesProvider.swift; path = "Pods/Target Support Files/Pods-Tote/ExpoModulesProvider.swift"; sourceTree = "<group>"; };
		D1A001000000000000000002 /* AppGroupModule.swift */ = {isa = PBXFileReference; lastKnownFileType = sourcecode.swift; name = AppGroupModule.swift; path = Tote/AppGroupModule.swift; sourceTree = "<group>"; };
		D1A001000000000000000004 /* AppGroupModule.m */ = {isa = PBXFileReference; lastKnownFileType = sourcecode.c.objc; name = AppGroupModule.m; path = Tote/AppGroupModule.m; sourceTree = "<group>"; };
		E0D92B63AD2243BCB4A07538 /* Pods-ToteShareExtension.debug.xcconfig */ = {isa = PBXFileReference; includeInIndex = 1; lastKnownFileType = text.xcconfig; name = "Pods-ToteShareExtension.debug.xcconfig"; path = "Target Support Files/Pods-ToteShareExtension/Pods-ToteShareExtension.debug.xcconfig"; sourceTree = "<group>"; };
		E846117E45F3775A5AB8AFE3 /* ExpoModulesProvider.swift */ = {isa = PBXFileReference; includeInIndex = 1; lastKnownFileType = sourcecode.swift; name = ExpoModulesProvider.swift; path = "Pods/Target Support Files/Pods-ToteShareExtension/ExpoModulesProvider.swift"; sourceTree = "<group>"; };
		ED297162215061F000B7C4FE /* JavaScriptCore.framework */ = {isa = PBXFileReference; lastKnownFileType = wrapper.framework; name = JavaScriptCore.framework; path = System/Library/Frameworks/JavaScriptCore.framework; sourceTree = SDKROOT; };
		F11748412D0307B40044C1D9 /* AppDelegate.swift */ = {isa = PBXFileReference; lastKnownFileType = sourcecode.swift; name = AppDelegate.swift; path = Tote/AppDelegate.swift; sourceTree = "<group>"; };
		F11748442D0722820044C1D9 /* Tote-Bridging-Header.h */ = {isa = PBXFileReference; lastKnownFileType = sourcecode.c.h; name = "Tote-Bridging-Header.h"; path = "Tote/Tote-Bridging-Header.h"; sourceTree = "<group>"; };
		F63ADE7DA70FA1089A0A5F6E /* PrivacyInfo.xcprivacy */ = {isa = PBXFileReference; includeInIndex = 1; name = PrivacyInfo.xcprivacy; path = Tote/PrivacyInfo.xcprivacy; sourceTree = "<group>"; };
		FFF64AADAD5F46DD82EBFFC0 /* Info.plist */ = {isa = PBXFileReference; explicitFileType = undefined; fileEncoding = 4; includeInIndex = 0; lastKnownFileType = text.plist.xml; name = Info.plist; path = Info.plist; sourceTree = "<group>"; };
		587F7F927B664B729A9951D0 /* ToteShareExtension.appex */ = {isa = PBXFileReference; name = "ToteShareExtension.appex"; path = "ToteShareExtension.appex"; sourceTree = BUILT_PRODUCTS_DIR; fileEncoding = undefined; lastKnownFileType = undefined; explicitFileType = wrapper.app-extension; includeInIndex = 0; };
		E20BE5A05F9344A5A18ECCAF = {isa = PBXFileReference; lastKnownFileType = sourcecode.swift; name = ClerkViewFactory.swift; path = Tote/ClerkViewFactory.swift; sourceTree = "<group>"; };
/* End PBXFileReference section */

/* Begin PBXFrameworksBuildPhase section */
		13B07F8C1A680F5B00A75B9A /* Frameworks */ = {
			isa = PBXFrameworksBuildPhase;
			buildActionMask = 2147483647;
			files = (
				4D059F33CE3D630585D347AB /* libPods-Tote.a in Frameworks */,
			);
			runOnlyForDeploymentPostprocessing = 0;
		};
		E8C6E18D56B345CD93A93E8E /* Frameworks */ = {
			isa = PBXFrameworksBuildPhase;
			buildActionMask = 2147483647;
			files = (
				CA887B8474AB1C0DA3D717C9 /* libPods-ToteShareExtension.a in Frameworks */,
			);
			runOnlyForDeploymentPostprocessing = 0;
		};
		126519ECE5454CFD88958A32 /* Embed Foundation Extensions */ = {
			isa = PBXFrameworksBuildPhase;
			buildActionMask = 2147483647;
			files = (
			);
			runOnlyForDeploymentPostprocessing = 0;
		};
/* End PBXFrameworksBuildPhase section */

/* Begin PBXGroup section */
		13B07FAE1A68108700A75B9A /* Tote */ = {
			isa = PBXGroup;
			children = (
				F11748412D0307B40044C1D9 /* AppDelegate.swift */,
				D1A001000000000000000002 /* AppGroupModule.swift */,
				D1A001000000000000000004 /* AppGroupModule.m */,
				F11748442D0722820044C1D9 /* Tote-Bridging-Header.h */,
				BB2F792B24A3F905000567C9 /* Supporting */,
				13B07FB51A68108700A75B9A /* Images.xcassets */,
				13B07FB61A68108700A75B9A /* Info.plist */,
				AA286B85B6C04FC6940260E9 /* SplashScreen.storyboard */,
				F63ADE7DA70FA1089A0A5F6E /* PrivacyInfo.xcprivacy */,
				E20BE5A05F9344A5A18ECCAF /* ClerkViewFactory.swift */,
			);
			name = Tote;
			sourceTree = "<group>";
		};
		2D16E6871FA4F8E400B85C8A /* Frameworks */ = {
			isa = PBXGroup;
			children = (
				ED297162215061F000B7C4FE /* JavaScriptCore.framework */,
				A4DE36215F5B28925C117E58 /* libPods-Tote.a */,
				03D0E0CAB8065AC8DF36DA68 /* libPods-ToteShareExtension.a */,
			);
			name = Frameworks;
			sourceTree = "<group>";
		};
		4E610283A10525B19AFA9A6A /* Pods */ = {
			isa = PBXGroup;
			children = (
				A5CD91793F97C5B66CDABC83 /* Pods-Tote.debug.xcconfig */,
				7EC8B4E71CF39DBFE9D47C4A /* Pods-Tote.release.xcconfig */,
				E0D92B63AD2243BCB4A07538 /* Pods-ToteShareExtension.debug.xcconfig */,
				369E815012A04E2BBC92435A /* Pods-ToteShareExtension.release.xcconfig */,
			);
			name = Pods;
			path = Pods;
			sourceTree = "<group>";
		};
		507C4FBA29B85CD551FDBE71 /* ExpoModulesProviders */ = {
			isa = PBXGroup;
			children = (
				650ECD596DB4FF565B22FB25 /* Tote */,
				6A066944E6D18789C3131169 /* ToteShareExtension */,
			);
			name = ExpoModulesProviders;
			sourceTree = "<group>";
		};
		650ECD596DB4FF565B22FB25 /* Tote */ = {
			isa = PBXGroup;
			children = (
				CE1F9B15DFFCF120E00E2170 /* ExpoModulesProvider.swift */,
			);
			name = Tote;
			sourceTree = "<group>";
		};
		6A066944E6D18789C3131169 /* ToteShareExtension */ = {
			isa = PBXGroup;
			children = (
				E846117E45F3775A5AB8AFE3 /* ExpoModulesProvider.swift */,
			);
			name = ToteShareExtension;
			sourceTree = "<group>";
		};
		832341AE1AAA6A7D00B99B32 /* Libraries */ = {
			isa = PBXGroup;
			children = (
			);
			name = Libraries;
			sourceTree = "<group>";
		};
		83CBB9F61A601CBA00E9B192 = {
			isa = PBXGroup;
			children = (
				13B07FAE1A68108700A75B9A /* Tote */,
				832341AE1AAA6A7D00B99B32 /* Libraries */,
				83CBBA001A601CBA00E9B192 /* Products */,
				2D16E6871FA4F8E400B85C8A /* Frameworks */,
				CD2E49528B164F21A2B7A0A1 /* ToteShareExtension */,
				4E610283A10525B19AFA9A6A /* Pods */,
				507C4FBA29B85CD551FDBE71 /* ExpoModulesProviders */,
				3E14DAB1A3684107B7053D45 /* ToteShareExtension */,
			);
			indentWidth = 2;
			sourceTree = "<group>";
			tabWidth = 2;
			usesTabs = 0;
		};
		83CBBA001A601CBA00E9B192 /* Products */ = {
			isa = PBXGroup;
			children = (
				13B07F961A680F5B00A75B9A /* Tote.app */,
				7D75A8D406CA4267B4EBC293 /* ToteShareExtension.appex */,
				587F7F927B664B729A9951D0 /* ToteShareExtension.appex */,
			);
			name = Products;
			sourceTree = "<group>";
		};
		BB2F792B24A3F905000567C9 /* Supporting */ = {
			isa = PBXGroup;
			children = (
				BB2F792C24A3F905000567C9 /* Expo.plist */,
			);
			name = Supporting;
			path = Tote/Supporting;
			sourceTree = "<group>";
		};
		CD2E49528B164F21A2B7A0A1 /* ToteShareExtension */ = {
			isa = PBXGroup;
			children = (
				0C25499830824171A93205B6 /* ShareExtensionViewController.swift */,
				FFF64AADAD5F46DD82EBFFC0 /* Info.plist */,
				11377C77A85144E4A2F77817 /* ToteShareExtension.entitlements */,
			);
			name = ToteShareExtension;
			path = ToteShareExtension;
			sourceTree = "<group>";
		};
		3E14DAB1A3684107B7053D45 /* ToteShareExtension */ = {
			isa = PBXGroup;
			children = (
				0C25499830824171A93205B6 /* ShareExtensionViewController.swift */,
				FFF64AADAD5F46DD82EBFFC0 /* Info.plist */,
				11377C77A85144E4A2F77817 /* ToteShareExtension.entitlements */,
			);
			name = ToteShareExtension;
			path = ToteShareExtension;
			sourceTree = "<group>";
		};
/* End PBXGroup section */

/* Begin PBXNativeTarget section */
		13B07F861A680F5B00A75B9A /* Tote */ = {
			isa = PBXNativeTarget;
			buildConfigurationList = 13B07F931A680F5B00A75B9A /* Build configuration list for PBXNativeTarget "Tote" */;
			buildPhases = (
				08A4A3CD28434E44B6B9DE2E /* [CP] Check Pods Manifest.lock */,
				B52FD9879030616D44050494 /* [Expo] Configure project */,
				13B07F871A680F5B00A75B9A /* Sources */,
				13B07F8C1A680F5B00A75B9A /* Frameworks */,
				13B07F8E1A680F5B00A75B9A /* Resources */,
				00DD1BFF1BD5951E006B06BC /* Bundle React Native code and images */,
				800E24972A6A228C8D4807E9 /* [CP] Copy Pods Resources */,
				4778578B65FF4206B419D1BC /* Embed Foundation Extensions */,
				F315F8A8B6BB47799B3F3FE3 /* Copy Files */,
				F25E5E0355E6DC1A61DECBD1 /* [CP] Embed Pods Frameworks */,
				D47F831D17D84CE8BEDEF2F2 /* Embed Foundation Extensions */,
				E7E98F37C9694A488F0B0C63 /* Copy Files */,
			);
			buildRules = (
			);
			dependencies = (
				0856355183DF4BEBB3607B73 /* PBXTargetDependency */,
				2965C09A27E74C39989958A3 /* PBXTargetDependency */,
			);
			name = Tote;
			productName = Tote;
			productReference = 13B07F961A680F5B00A75B9A /* Tote.app */;
			productType = "com.apple.product-type.application";
			packageProductDependencies = (
				5C29B0B34A7D411CAE6AA6E9 /* ClerkKit */,
				B42AC54AE28B4CA9AFF7FC31 /* ClerkKitUI */,
			);
		};
		7D12177554AC4AF4A4260915 /* ToteShareExtension */ = {
			isa = PBXNativeTarget;
			buildConfigurationList = 90B221C767334168AF08679A /* Build configuration list for PBXNativeTarget "ToteShareExtension" */;
			buildPhases = (
				13228728C9175DF591EBFDF8 /* [CP] Check Pods Manifest.lock */,
				A828FF5CEEC348B3965262AB /* Start Packager */,
				8D153A8404BDC9619560BE9B /* [Expo] Configure project */,
				40E7B6A3AE2F43468E2C3552 /* Sources */,
				E8C6E18D56B345CD93A93E8E /* Frameworks */,
				A604F576D7E244E69FBFA8C6 /* Resources */,
				638C16DF542B4E6988900B9E /* Bundle React Native code and images */,
				A3D1E5E2A060CA5F290500BF /* [CP] Copy Pods Resources */,
			);
			buildRules = (
			);
			dependencies = (
			);
			name = ToteShareExtension;
			productName = ToteShareExtension;
			productReference = 7D75A8D406CA4267B4EBC293 /* ToteShareExtension.appex */;
			productType = "com.apple.product-type.app-extension";
		};
		2D58E4825E114A62A477C054 /* ToteShareExtension */ = {
			isa = PBXNativeTarget;
			name = ToteShareExtension;
			productName = ToteShareExtension;
			productReference = 587F7F927B664B729A9951D0;
			productType = "com.apple.product-type.app-extension";
			buildConfigurationList = CB94248AB50E4B21B97900DC;
			buildPhases = (
				CAFF43E809B54E52A9FAFC2D /* Start Packager */,
				C3A82C80F9034F59AEF9F9E6 /* Embed Foundation Extensions */,
				126519ECE5454CFD88958A32 /* Embed Foundation Extensions */,
				D6F454B02FC7432ABE1116FF /* Embed Foundation Extensions */,
				1C5C886EA1DF448AAB6E4D1D /* Bundle React Native code and images */,
			);
			buildRules = (
			);
			dependencies = (
			);
		};
/* End PBXNativeTarget section */

/* Begin PBXProject section */
		83CBB9F71A601CBA00E9B192 /* Project object */ = {
			isa = PBXProject;
			attributes = {
				LastUpgradeCheck = 1130;
				TargetAttributes = {
					13B07F861A680F5B00A75B9A = {
						LastSwiftMigration = 1250;
					};
					7D12177554AC4AF4A4260915 = {
						LastSwiftMigration = 1250;
					};
					2D58E4825E114A62A477C054 = {
						LastSwiftMigration = 1250;
					};
				};
			};
			buildConfigurationList = 83CBB9FA1A601CBA00E9B192 /* Build configuration list for PBXProject "Tote" */;
			compatibilityVersion = "Xcode 3.2";
			developmentRegion = en;
			hasScannedForEncodings = 0;
			knownRegions = (
				en,
				Base,
			);
			mainGroup = 83CBB9F61A601CBA00E9B192;
			productRefGroup = 83CBBA001A601CBA00E9B192 /* Products */;
			projectDirPath = "";
			projectRoot = "";
			targets = (
				13B07F861A680F5B00A75B9A /* Tote */,
				7D12177554AC4AF4A4260915 /* ToteShareExtension */,
				2D58E4825E114A62A477C054 /* ToteShareExtension */,
			);
			packageReferences = (
				0325AE4BCA8742F1AEE427AF /* clerk-ios */,
			);
		};
/* End PBXProject section */

/* Begin PBXResourcesBuildPhase section */
		13B07F8E1A680F5B00A75B9A /* Resources */ = {
			isa = PBXResourcesBuildPhase;
			buildActionMask = 2147483647;
			files = (
				BB2F792D24A3F905000567C9 /* Expo.plist in Resources */,
				13B07FBF1A68108700A75B9A /* Images.xcassets in Resources */,
				3E461D99554A48A4959DE609 /* SplashScreen.storyboard in Resources */,
				6271B06F5D2B1D060982D3EF /* PrivacyInfo.xcprivacy in Resources */,
			);
			runOnlyForDeploymentPostprocessing = 0;
		};
		A604F576D7E244E69FBFA8C6 /* Resources */ = {
			isa = PBXResourcesBuildPhase;
			buildActionMask = 2147483647;
			files = (
			);
			runOnlyForDeploymentPostprocessing = 0;
		};
		D6F454B02FC7432ABE1116FF /* Embed Foundation Extensions */ = {
			isa = PBXResourcesBuildPhase;
			buildActionMask = 2147483647;
			files = (
			);
			runOnlyForDeploymentPostprocessing = 0;
		};
/* End PBXResourcesBuildPhase section */

/* Begin PBXShellScriptBuildPhase section */
		00DD1BFF1BD5951E006B06BC /* Bundle React Native code and images */ = {
			isa = PBXShellScriptBuildPhase;
			alwaysOutOfDate = 1;
			buildActionMask = 2147483647;
			files = (
			);
			inputPaths = (
				"$(SRCROOT)/.xcode.env",
				"$(SRCROOT)/.xcode.env.local",
			);
			name = "Bundle React Native code and images";
			outputPaths = (
			);
			runOnlyForDeploymentPostprocessing = 0;
			shellPath = /bin/sh;
			shellScript = "if [[ -f \"$PODS_ROOT/../.xcode.env\" ]]; then\n  source \"$PODS_ROOT/../.xcode.env\"\nfi\nif [[ -f \"$PODS_ROOT/../.xcode.env.local\" ]]; then\n  source \"$PODS_ROOT/../.xcode.env.local\"\nfi\n\n# The project root by default is one level up from the ios directory\nexport PROJECT_ROOT=\"$PROJECT_DIR\"/..\n\nif [[ \"$CONFIGURATION\" = *Debug* ]]; then\n  export SKIP_BUNDLING=1\nfi\nif [[ -z \"$ENTRY_FILE\" ]]; then\n  # Set the entry JS file using the bundler's entry resolution.\n  export ENTRY_FILE=\"$(\"$NODE_BINARY\" -e \"require('expo/scripts/resolveAppEntry')\" \"$PROJECT_ROOT\" ios absolute | tail -n 1)\"\nfi\n\nif [[ -z \"$CLI_PATH\" ]]; then\n  # Use Expo CLI\n  export CLI_PATH=\"$(\"$NODE_BINARY\" --print \"require.resolve('@expo/cli', { paths: [require.resolve('expo/package.json')] })\")\"\nfi\nif [[ -z \"$BUNDLE_COMMAND\" ]]; then\n  # Default Expo CLI command for bundling\n  export BUNDLE_COMMAND=\"export:embed\"\nfi\n\n# Source .xcode.env.updates if it exists to allow\n# SKIP_BUNDLING to be unset if needed\nif [[ -f \"$PODS_ROOT/../.xcode.env.updates\" ]]; then\n  source \"$PODS_ROOT/../.xcode.env.updates\"\nfi\n# Source local changes to allow overrides\n# if needed\nif [[ -f \"$PODS_ROOT/../.xcode.env.local\" ]]; then\n  source \"$PODS_ROOT/../.xcode.env.local\"\nfi\n\n`\"$NODE_BINARY\" --print \"require('path').dirname(require.resolve('react-native/package.json')) + '/scripts/react-native-xcode.sh'\"`\n\n";
		};
		08A4A3CD28434E44B6B9DE2E /* [CP] Check Pods Manifest.lock */ = {
			isa = PBXShellScriptBuildPhase;
			buildActionMask = 2147483647;
			files = (
			);
			inputFileListPaths = (
			);
			inputPaths = (
				"${PODS_PODFILE_DIR_PATH}/Podfile.lock",
				"${PODS_ROOT}/Manifest.lock",
			);
			name = "[CP] Check Pods Manifest.lock";
			outputFileListPaths = (
			);
			outputPaths = (
				"$(DERIVED_FILE_DIR)/Pods-Tote-checkManifestLockResult.txt",
			);
			runOnlyForDeploymentPostprocessing = 0;
			shellPath = /bin/sh;
			shellScript = "diff \"${PODS_PODFILE_DIR_PATH}/Podfile.lock\" \"${PODS_ROOT}/Manifest.lock\" > /dev/null\nif [ $? != 0 ] ; then\n    # print error to STDERR\n    echo \"error: The sandbox is not in sync with the Podfile.lock. Run 'pod install' or update your CocoaPods installation.\" >&2\n    exit 1\nfi\n# This output is used by Xcode 'outputs' to avoid re-running this script phase.\necho \"SUCCESS\" > \"${SCRIPT_OUTPUT_FILE_0}\"\n";
			showEnvVarsInLog = 0;
		};
		13228728C9175DF591EBFDF8 /* [CP] Check Pods Manifest.lock */ = {
			isa = PBXShellScriptBuildPhase;
			buildActionMask = 2147483647;
			files = (
			);
			inputFileListPaths = (
			);
			inputPaths = (
				"${PODS_PODFILE_DIR_PATH}/Podfile.lock",
				"${PODS_ROOT}/Manifest.lock",
			);
			name = "[CP] Check Pods Manifest.lock";
			outputFileListPaths = (
			);
			outputPaths = (
				"$(DERIVED_FILE_DIR)/Pods-ToteShareExtension-checkManifestLockResult.txt",
			);
			runOnlyForDeploymentPostprocessing = 0;
			shellPath = /bin/sh;
			shellScript = "diff \"${PODS_PODFILE_DIR_PATH}/Podfile.lock\" \"${PODS_ROOT}/Manifest.lock\" > /dev/null\nif [ $? != 0 ] ; then\n    # print error to STDERR\n    echo \"error: The sandbox is not in sync with the Podfile.lock. Run 'pod install' or update your CocoaPods installation.\" >&2\n    exit 1\nfi\n# This output is used by Xcode 'outputs' to avoid re-running this script phase.\necho \"SUCCESS\" > \"${SCRIPT_OUTPUT_FILE_0}\"\n";
			showEnvVarsInLog = 0;
		};
		638C16DF542B4E6988900B9E /* Bundle React Native code and images */ = {
			isa = PBXShellScriptBuildPhase;
			buildActionMask = 2147483647;
			files = (
			);
			inputPaths = (
			);
			name = "Bundle React Native code and images";
			outputPaths = (
			);
			runOnlyForDeploymentPostprocessing = 0;
			shellPath = /bin/sh;
			shellScript = "set -e\n  NODE_BINARY=${NODE_BINARY:-node}\n  \n  # Source environment files\n  if [[ -f \"$PODS_ROOT/../.xcode.env\" ]]; then\n    source \"$PODS_ROOT/../.xcode.env\"\n  fi\n  if [[ -f \"$PODS_ROOT/../.xcode.env.local\" ]]; then\n    source \"$PODS_ROOT/../.xcode.env.local\"\n  fi\n  \n  # Set project root\n  export PROJECT_ROOT=\"$PROJECT_DIR\"/..\n  \n  # Set entry file\n  export ENTRY_FILE=\"$PROJECT_ROOT/index.share.js\"\n  \n  # Set up Expo CLI\n  if [[ -z \"$CLI_PATH\" ]]; then\n    export CLI_PATH=\"$(\"$NODE_BINARY\" --print \"require.resolve('@expo/cli', { paths: [require.resolve('expo/package.json')] })\")\"\n  fi\n  \n  if [[ -z \"$BUNDLE_COMMAND\" ]]; then\n    export BUNDLE_COMMAND=\"export:embed\"\n  fi\n  \n  REACT_NATIVE_SCRIPTS_PATH=$(\"$NODE_BINARY\" --print \"require('path').dirname(require.resolve('react-native/package.json')) + '/scripts'\")\n  WITH_ENVIRONMENT=\"$REACT_NATIVE_SCRIPTS_PATH/xcode/with-environment.sh\"\n  REACT_NATIVE_XCODE=\"$REACT_NATIVE_SCRIPTS_PATH/react-native-xcode.sh\"\n  \n  /bin/sh -c \"$WITH_ENVIRONMENT $REACT_NATIVE_XCODE\"";
		};
		800E24972A6A228C8D4807E9 /* [CP] Copy Pods Resources */ = {
			isa = PBXShellScriptBuildPhase;
			buildActionMask = 2147483647;
			files = (
			);
			inputPaths = (
				"${PODS_ROOT}/Target Support Files/Pods-Tote/Pods-Tote-resources.sh",
				"${PODS_CONFIGURATION_BUILD_DIR}/AppAuth/AppAuthCore_Privacy.bundle",
				"${PODS_CONFIGURATION_BUILD_DIR}/EXApplication/ExpoApplication_privacy.bundle",
				"${PODS_CONFIGURATION_BUILD_DIR}/EXConstants/EXConstants.bundle",
				"${PODS_CONFIGURATION_BUILD_DIR}/EXConstants/ExpoConstants_privacy.bundle",
				"${PODS_CONFIGURATION_BUILD_DIR}/ExpoFileSystem/ExpoFileSystem_privacy.bundle",
				"${PODS_CONFIGURATION_BUILD_DIR}/GTMAppAuth/GTMAppAuth_Privacy.bundle",
				"${PODS_CONFIGURATION_BUILD_DIR}/GTMSessionFetcher/GTMSessionFetcher_Core_Privacy.bundle",
				"${PODS_CONFIGURATION_BUILD_DIR}/GoogleSignIn/GoogleSignIn.bundle",
				"${PODS_CONFIGURATION_BUILD_DIR}/GoogleUtilities/GoogleUtilities_Privacy.bundle",
				"${PODS_CONFIGURATION_BUILD_DIR}/PromisesObjC/FBLPromises_Privacy.bundle",
				"${PODS_CONFIGURATION_BUILD_DIR}/RNCAsyncStorage/RNCAsyncStorage_resources.bundle",
				"${PODS_CONFIGURATION_BUILD_DIR}/React-Core/React-Core_privacy.bundle",
				"${PODS_CONFIGURATION_BUILD_DIR}/React-cxxreact/React-cxxreact_privacy.bundle",
			);
			name = "[CP] Copy Pods Resources";
			outputPaths = (
				"${TARGET_BUILD_DIR}/${UNLOCALIZED_RESOURCES_FOLDER_PATH}/AppAuthCore_Privacy.bundle",
				"${TARGET_BUILD_DIR}/${UNLOCALIZED_RESOURCES_FOLDER_PATH}/ExpoApplication_privacy.bundle",
				"${TARGET_BUILD_DIR}/${UNLOCALIZED_RESOURCES_FOLDER_PATH}/EXConstants.bundle",
				"${TARGET_BUILD_DIR}/${UNLOCALIZED_RESOURCES_FOLDER_PATH}/ExpoConstants_privacy.bundle",
				"${TARGET_BUILD_DIR}/${UNLOCALIZED_RESOURCES_FOLDER_PATH}/ExpoFileSystem_privacy.bundle",
				"${TARGET_BUILD_DIR}/${UNLOCALIZED_RESOURCES_FOLDER_PATH}/GTMAppAuth_Privacy.bundle",
				"${TARGET_BUILD_DIR}/${UNLOCALIZED_RESOURCES_FOLDER_PATH}/GTMSessionFetcher_Core_Privacy.bundle",
				"${TARGET_BUILD_DIR}/${UNLOCALIZED_RESOURCES_FOLDER_PATH}/GoogleSignIn.bundle",
				"${TARGET_BUILD_DIR}/${UNLOCALIZED_RESOURCES_FOLDER_PATH}/GoogleUtilities_Privacy.bundle",
				"${TARGET_BUILD_DIR}/${UNLOCALIZED_RESOURCES_FOLDER_PATH}/FBLPromises_Privacy.bundle",
				"${TARGET_BUILD_DIR}/${UNLOCALIZED_RESOURCES_FOLDER_PATH}/RNCAsyncStorage_resources.bundle",
				"${TARGET_BUILD_DIR}/${UNLOCALIZED_RESOURCES_FOLDER_PATH}/React-Core_privacy.bundle",
				"${TARGET_BUILD_DIR}/${UNLOCALIZED_RESOURCES_FOLDER_PATH}/React-cxxreact_privacy.bundle",
			);
			runOnlyForDeploymentPostprocessing = 0;
			shellPath = /bin/sh;
			shellScript = "\"${PODS_ROOT}/Target Support Files/Pods-Tote/Pods-Tote-resources.sh\"\n";
			showEnvVarsInLog = 0;
		};
		8D153A8404BDC9619560BE9B /* [Expo] Configure project */ = {
			isa = PBXShellScriptBuildPhase;
			alwaysOutOfDate = 1;
			buildActionMask = 2147483647;
			files = (
			);
			inputFileListPaths = (
			);
			inputPaths = (
				"$(SRCROOT)/.xcode.env",
				"$(SRCROOT)/.xcode.env.local",
				"$(SRCROOT)/ToteShareExtension/ToteShareExtension.entitlements",
				"$(SRCROOT)/Pods/Target Support Files/Pods-ToteShareExtension/expo-configure-project.sh",
			);
			name = "[Expo] Configure project";
			outputFileListPaths = (
			);
			outputPaths = (
				"$(SRCROOT)/Pods/Target Support Files/Pods-ToteShareExtension/ExpoModulesProvider.swift",
			);
			runOnlyForDeploymentPostprocessing = 0;
			shellPath = /bin/sh;
			shellScript = "# This script configures Expo modules and generates the modules provider file.\nbash -l -c \"./Pods/Target\\ Support\\ Files/Pods-ToteShareExtension/expo-configure-project.sh\"\n";
		};
		A3D1E5E2A060CA5F290500BF /* [CP] Copy Pods Resources */ = {
			isa = PBXShellScriptBuildPhase;
			buildActionMask = 2147483647;
			files = (
			);
			inputPaths = (
				"${PODS_ROOT}/Target Support Files/Pods-ToteShareExtension/Pods-ToteShareExtension-resources.sh",
				"${PODS_CONFIGURATION_BUILD_DIR}/AppAuth/AppAuthCore_Privacy.bundle",
				"${PODS_CONFIGURATION_BUILD_DIR}/EXApplication/ExpoApplication_privacy.bundle",
				"${PODS_CONFIGURATION_BUILD_DIR}/EXConstants/EXConstants.bundle",
				"${PODS_CONFIGURATION_BUILD_DIR}/EXConstants/ExpoConstants_privacy.bundle",
				"${PODS_CONFIGURATION_BUILD_DIR}/ExpoFileSystem/ExpoFileSystem_privacy.bundle",
				"${PODS_CONFIGURATION_BUILD_DIR}/GTMAppAuth/GTMAppAuth_Privacy.bundle",
				"${PODS_CONFIGURATION_BUILD_DIR}/GTMSessionFetcher/GTMSessionFetcher_Core_Privacy.bundle",
				"${PODS_CONFIGURATION_BUILD_DIR}/GoogleSignIn/GoogleSignIn.bundle",
				"${PODS_CONFIGURATION_BUILD_DIR}/GoogleUtilities/GoogleUtilities_Privacy.bundle",
				"${PODS_CONFIGURATION_BUILD_DIR}/PromisesObjC/FBLPromises_Privacy.bundle",
				"${PODS_CONFIGURATION_BUILD_DIR}/RNCAsyncStorage/RNCAsyncStorage_resources.bundle",
				"${PODS_CONFIGURATION_BUILD_DIR}/React-Core/React-Core_privacy.bundle",
				"${PODS_CONFIGURATION_BUILD_DIR}/React-cxxreact/React-cxxreact_privacy.bundle",
			);
			name = "[CP] Copy Pods Resources";
			outputPaths = (
				"${TARGET_BUILD_DIR}/${UNLOCALIZED_RESOURCES_FOLDER_PATH}/AppAuthCore_Privacy.bundle",
				"${TARGET_BUILD_DIR}/${UNLOCALIZED_RESOURCES_FOLDER_PATH}/ExpoApplication_privacy.bundle",
				"${TARGET_BUILD_DIR}/${UNLOCALIZED_RESOURCES_FOLDER_PATH}/EXConstants.bundle",
				"${TARGET_BUILD_DIR}/${UNLOCALIZED_RESOURCES_FOLDER_PATH}/ExpoConstants_privacy.bundle",
				"${TARGET_BUILD_DIR}/${UNLOCALIZED_RESOURCES_FOLDER_PATH}/ExpoFileSystem_privacy.bundle",
				"${TARGET_BUILD_DIR}/${UNLOCALIZED_RESOURCES_FOLDER_PATH}/GTMAppAuth_Privacy.bundle",
				"${TARGET_BUILD_DIR}/${UNLOCALIZED_RESOURCES_FOLDER_PATH}/GTMSessionFetcher_Core_Privacy.bundle",
				"${TARGET_BUILD_DIR}/${UNLOCALIZED_RESOURCES_FOLDER_PATH}/GoogleSignIn.bundle",
				"${TARGET_BUILD_DIR}/${UNLOCALIZED_RESOURCES_FOLDER_PATH}/GoogleUtilities_Privacy.bundle",
				"${TARGET_BUILD_DIR}/${UNLOCALIZED_RESOURCES_FOLDER_PATH}/FBLPromises_Privacy.bundle",
				"${TARGET_BUILD_DIR}/${UNLOCALIZED_RESOURCES_FOLDER_PATH}/RNCAsyncStorage_resources.bundle",
				"${TARGET_BUILD_DIR}/${UNLOCALIZED_RESOURCES_FOLDER_PATH}/React-Core_privacy.bundle",
				"${TARGET_BUILD_DIR}/${UNLOCALIZED_RESOURCES_FOLDER_PATH}/React-cxxreact_privacy.bundle",
			);
			runOnlyForDeploymentPostprocessing = 0;
			shellPath = /bin/sh;
			shellScript = "\"${PODS_ROOT}/Target Support Files/Pods-ToteShareExtension/Pods-ToteShareExtension-resources.sh\"\n";
			showEnvVarsInLog = 0;
		};
		A828FF5CEEC348B3965262AB /* Start Packager */ = {
			isa = PBXShellScriptBuildPhase;
			buildActionMask = 2147483647;
			files = (
			);
			inputPaths = (
			);
			name = "Start Packager";
			outputPaths = (
			);
			runOnlyForDeploymentPostprocessing = 0;
			shellPath = /bin/sh;
			shellScript = "export RCT_METRO_PORT=\"${RCT_METRO_PORT:=8081}\"\necho \"export RCT_METRO_PORT=${RCT_METRO_PORT}\" > \"${SRCROOT}/../node_modules/react-native/scripts/.packager.env\"\nif [ -z \"${RCT_NO_LAUNCH_PACKAGER+xxx}\" ] ; then\n  if nc -w 5 -z localhost ${RCT_METRO_PORT} ; then\n    if ! curl -s \"http://localhost:${RCT_METRO_PORT}/status\" | grep -q \"packager-status:running\" ; then\n      echo \"Port ${RCT_METRO_PORT} already in use, packager is either not running or not running correctly\"\n      exit 2\n    fi\n  else\n    open \"$SRCROOT/../node_modules/react-native/scripts/launchPackager.command\" || echo \"Can't start packager automatically\"\n  fi\nfi\n";
		};
		B52FD9879030616D44050494 /* [Expo] Configure project */ = {
			isa = PBXShellScriptBuildPhase;
			alwaysOutOfDate = 1;
			buildActionMask = 2147483647;
			files = (
			);
			inputFileListPaths = (
			);
			inputPaths = (
				"$(SRCROOT)/.xcode.env",
				"$(SRCROOT)/.xcode.env.local",
				"$(SRCROOT)/Tote/Tote.entitlements",
				"$(SRCROOT)/Pods/Target Support Files/Pods-Tote/expo-configure-project.sh",
			);
			name = "[Expo] Configure project";
			outputFileListPaths = (
			);
			outputPaths = (
				"$(SRCROOT)/Pods/Target Support Files/Pods-Tote/ExpoModulesProvider.swift",
			);
			runOnlyForDeploymentPostprocessing = 0;
			shellPath = /bin/sh;
			shellScript = "# This script configures Expo modules and generates the modules provider file.\nbash -l -c \"./Pods/Target\\ Support\\ Files/Pods-Tote/expo-configure-project.sh\"\n";
		};
		F25E5E0355E6DC1A61DECBD1 /* [CP] Embed Pods Frameworks */ = {
			isa = PBXShellScriptBuildPhase;
			buildActionMask = 2147483647;
			files = (
			);
			inputPaths = (
				"${PODS_ROOT}/Target Support Files/Pods-Tote/Pods-Tote-frameworks.sh",
				"${PODS_XCFRAMEWORKS_BUILD_DIR}/React-Core-prebuilt/React.framework/React",
				"${PODS_XCFRAMEWORKS_BUILD_DIR}/ReactNativeDependencies/ReactNativeDependencies.framework/ReactNativeDependencies",
				"${PODS_XCFRAMEWORKS_BUILD_DIR}/hermes-engine/Pre-built/hermesvm.framework/hermesvm",
			);
			name = "[CP] Embed Pods Frameworks";
			outputPaths = (
				"${TARGET_BUILD_DIR}/${FRAMEWORKS_FOLDER_PATH}/React.framework",
				"${TARGET_BUILD_DIR}/${FRAMEWORKS_FOLDER_PATH}/ReactNativeDependencies.framework",
				"${TARGET_BUILD_DIR}/${FRAMEWORKS_FOLDER_PATH}/hermesvm.framework",
			);
			runOnlyForDeploymentPostprocessing = 0;
			shellPath = /bin/sh;
			shellScript = "\"${PODS_ROOT}/Target Support Files/Pods-Tote/Pods-Tote-frameworks.sh\"\n";
			showEnvVarsInLog = 0;
		};
		CAFF43E809B54E52A9FAFC2D /* Start Packager */ = {
			isa = PBXShellScriptBuildPhase;
			buildActionMask = 2147483647;
			files = (
			);
			runOnlyForDeploymentPostprocessing = 0;
			name = "Start Packager";
			inputPaths = (
			);
			outputPaths = (
			);
			shellPath = /bin/sh;
			shellScript = "export RCT_METRO_PORT=\"${RCT_METRO_PORT:=8081}\"
echo \"export RCT_METRO_PORT=${RCT_METRO_PORT}\" > \"${SRCROOT}/../node_modules/react-native/scripts/.packager.env\"
if [ -z \"${RCT_NO_LAUNCH_PACKAGER+xxx}\" ] ; then
  if nc -w 5 -z localhost ${RCT_METRO_PORT} ; then
    if ! curl -s \"http://localhost:${RCT_METRO_PORT}/status\" | grep -q \"packager-status:running\" ; then
      echo \"Port ${RCT_METRO_PORT} already in use, packager is either not running or not running correctly\"
      exit 2
    fi
  else
    open \"$SRCROOT/../node_modules/react-native/scripts/launchPackager.command\" || echo \"Can't start packager automatically\"
  fi
fi
";
		};
		1C5C886EA1DF448AAB6E4D1D /* Bundle React Native code and images */ = {
			isa = PBXShellScriptBuildPhase;
			buildActionMask = 2147483647;
			files = (
			);
			runOnlyForDeploymentPostprocessing = 0;
			name = "Bundle React Native code and images";
			inputPaths = (
			);
			outputPaths = (
			);
			shellPath = /bin/sh;
			shellScript = "set -e
  NODE_BINARY=${NODE_BINARY:-node}
  
  # Source environment files
  if [[ -f \"$PODS_ROOT/../.xcode.env\" ]]; then
    source \"$PODS_ROOT/../.xcode.env\"
  fi
  if [[ -f \"$PODS_ROOT/../.xcode.env.local\" ]]; then
    source \"$PODS_ROOT/../.xcode.env.local\"
  fi
  
  # Set project root
  export PROJECT_ROOT=\"$PROJECT_DIR\"/..
  
  # Set entry file
  export ENTRY_FILE=\"$PROJECT_ROOT/index.share.js\"
  
  # Set up Expo CLI
  if [[ -z \"$CLI_PATH\" ]]; then
    export CLI_PATH=\"$(\"$NODE_BINARY\" --print \"require.resolve('@expo/cli', { paths: [require.resolve('expo/package.json')] })\")\"
  fi
  
  if [[ -z \"$BUNDLE_COMMAND\" ]]; then
    export BUNDLE_COMMAND=\"export:embed\"
  fi
  
  REACT_NATIVE_SCRIPTS_PATH=$(\"$NODE_BINARY\" --print \"require('path').dirname(require.resolve('react-native/package.json')) + '/scripts'\")
  WITH_ENVIRONMENT=\"$REACT_NATIVE_SCRIPTS_PATH/xcode/with-environment.sh\"
  REACT_NATIVE_XCODE=\"$REACT_NATIVE_SCRIPTS_PATH/react-native-xcode.sh\"
  
  /bin/sh -c \"$WITH_ENVIRONMENT $REACT_NATIVE_XCODE\"";
		};
/* End PBXShellScriptBuildPhase section */

/* Begin PBXSourcesBuildPhase section */
		13B07F871A680F5B00A75B9A /* Sources */ = {
			isa = PBXSourcesBuildPhase;
			buildActionMask = 2147483647;
			files = (
				F11748422D0307B40044C1D9 /* AppDelegate.swift in Sources */,
				D1A001000000000000000001 /* AppGroupModule.swift in Sources */,
				D1A001000000000000000003 /* AppGroupModule.m in Sources */,
				652C1ECF6583A942AFAB68C2 /* ExpoModulesProvider.swift in Sources */,
				EF0A9B5566DB4785B78748FE /* ClerkViewFactory.swift */,
			);
			runOnlyForDeploymentPostprocessing = 0;
		};
		40E7B6A3AE2F43468E2C3552 /* Sources */ = {
			isa = PBXSourcesBuildPhase;
			buildActionMask = 2147483647;
			files = (
				9FCC31A23AE64C1D8FB494EC /* ShareExtensionViewController.swift in Sources */,
				8B44CAF14B32F95FC37516F4 /* ExpoModulesProvider.swift in Sources */,
			);
			runOnlyForDeploymentPostprocessing = 0;
		};
		C3A82C80F9034F59AEF9F9E6 /* Embed Foundation Extensions */ = {
			isa = PBXSourcesBuildPhase;
			buildActionMask = 2147483647;
			files = (
				9FCC31A23AE64C1D8FB494EC /* ShareExtensionViewController.swift in Sources */,
			);
			runOnlyForDeploymentPostprocessing = 0;
		};
/* End PBXSourcesBuildPhase section */

/* Begin PBXTargetDependency section */
		0856355183DF4BEBB3607B73 /* PBXTargetDependency */ = {
			isa = PBXTargetDependency;
			target = 7D12177554AC4AF4A4260915 /* ToteShareExtension */;
			targetProxy = 54022F826DB04F3FA7B10EBE /* PBXContainerItemProxy */;
		};
		2965C09A27E74C39989958A3 /* PBXTargetDependency */ = {
			isa = PBXTargetDependency;
			target = 2D58E4825E114A62A477C054 /* ToteShareExtension */;
			targetProxy = 7CBDB40CDCAC4FD6B7C979AE /* PBXContainerItemProxy */;
		};
/* End PBXTargetDependency section */

/* Begin XCBuildConfiguration section */
		13B07F941A680F5B00A75B9A /* Debug */ = {
			isa = XCBuildConfiguration;
			baseConfigurationReference = A5CD91793F97C5B66CDABC83 /* Pods-Tote.debug.xcconfig */;
			buildSettings = {
				ASSETCATALOG_COMPILER_APPICON_NAME = AppIcon;
				CLANG_ENABLE_MODULES = YES;
				CODE_SIGN_ENTITLEMENTS = Tote/Tote.entitlements;
				CURRENT_PROJECT_VERSION = 1;
				ENABLE_BITCODE = NO;
				GCC_PREPROCESSOR_DEFINITIONS = (
					"$(inherited)",
					"FB_SONARKIT_ENABLED=1",
				);
				INFOPLIST_FILE = Tote/Info.plist;
				IPHONEOS_DEPLOYMENT_TARGET = 17.0;
				LD_RUNPATH_SEARCH_PATHS = (
					"$(inherited)",
					"@executable_path/Frameworks",
				);
				MARKETING_VERSION = 1.0;
				OTHER_LDFLAGS = (
					"$(inherited)",
					"-ObjC",
					"-lc++",
				);
				OTHER_SWIFT_FLAGS = "$(inherited) -D EXPO_CONFIGURATION_DEBUG";
				PRODUCT_BUNDLE_IDENTIFIER = tools.tote.app;
				PRODUCT_NAME = "Tote";
				SWIFT_OBJC_BRIDGING_HEADER = "Tote/Tote-Bridging-Header.h";
				SWIFT_OPTIMIZATION_LEVEL = "-Onone";
				SWIFT_VERSION = 5.0;
				TARGETED_DEVICE_FAMILY = "1,2";
				VERSIONING_SYSTEM = "apple-generic";
			};
			name = Debug;
		};
		13B07F951A680F5B00A75B9A /* Release */ = {
			isa = XCBuildConfiguration;
			baseConfigurationReference = 7EC8B4E71CF39DBFE9D47C4A /* Pods-Tote.release.xcconfig */;
			buildSettings = {
				ASSETCATALOG_COMPILER_APPICON_NAME = AppIcon;
				CLANG_ENABLE_MODULES = YES;
				CODE_SIGN_ENTITLEMENTS = Tote/Tote.entitlements;
				CURRENT_PROJECT_VERSION = 1;
				INFOPLIST_FILE = Tote/Info.plist;
				IPHONEOS_DEPLOYMENT_TARGET = 17.0;
				LD_RUNPATH_SEARCH_PATHS = (
					"$(inherited)",
					"@executable_path/Frameworks",
				);
				MARKETING_VERSION = 1.0;
				OTHER_LDFLAGS = (
					"$(inherited)",
					"-ObjC",
					"-lc++",
				);
				OTHER_SWIFT_FLAGS = "$(inherited) -D EXPO_CONFIGURATION_RELEASE";
				PRODUCT_BUNDLE_IDENTIFIER = tools.tote.app;
				PRODUCT_NAME = "Tote";
				SWIFT_OBJC_BRIDGING_HEADER = "Tote/Tote-Bridging-Header.h";
				SWIFT_VERSION = 5.0;
				TARGETED_DEVICE_FAMILY = "1,2";
				VERSIONING_SYSTEM = "apple-generic";
			};
			name = Release;
		};
		16731667BB314A2C9CBD6102 /* Release */ = {
			isa = XCBuildConfiguration;
			baseConfigurationReference = 369E815012A04E2BBC92435A /* Pods-ToteShareExtension.release.xcconfig */;
			buildSettings = {
				CLANG_ENABLE_MODULES = YES;
				CODE_SIGN_ENTITLEMENTS = ToteShareExtension/ToteShareExtension.entitlements;
				CURRENT_PROJECT_VERSION = 1;
				ENABLE_ON_DEMAND_RESOURCES = NO;
				GENERATE_INFOPLIST_FILE = YES;
				INFOPLIST_FILE = ToteShareExtension/Info.plist;
				IPHONEOS_DEPLOYMENT_TARGET = 17.0;
				LD_RUNPATH_SEARCH_PATHS = (
					"$(inherited)",
					"@executable_path/Frameworks",
					"@executable_path/../../Frameworks",
				);
				MARKETING_VERSION = 1.0.0;
				OTHER_SWIFT_FLAGS = "$(inherited) -D EXPO_CONFIGURATION_RELEASE";
				PRODUCT_BUNDLE_IDENTIFIER = tools.tote.app.ShareExtension;
				PRODUCT_NAME = ToteShareExtension;
				SWIFT_VERSION = 5.0;
				VERSIONING_SYSTEM = "apple-generic";
				TARGETED_DEVICE_FAMILY = "1,2";
			};
			name = Release;
		};
		6F87D58CCE7A4165AAFD2DB3 /* Debug */ = {
			isa = XCBuildConfiguration;
			baseConfigurationReference = E0D92B63AD2243BCB4A07538 /* Pods-ToteShareExtension.debug.xcconfig */;
			buildSettings = {
				CLANG_ENABLE_MODULES = YES;
				CODE_SIGN_ENTITLEMENTS = ToteShareExtension/ToteShareExtension.entitlements;
				CURRENT_PROJECT_VERSION = 1;
				ENABLE_ON_DEMAND_RESOURCES = NO;
				GENERATE_INFOPLIST_FILE = YES;
				INFOPLIST_FILE = ToteShareExtension/Info.plist;
				IPHONEOS_DEPLOYMENT_TARGET = 17.0;
				LD_RUNPATH_SEARCH_PATHS = (
					"$(inherited)",
					"@executable_path/Frameworks",
					"@executable_path/../../Frameworks",
				);
				MARKETING_VERSION = 1.0.0;
				OTHER_SWIFT_FLAGS = "$(inherited) -D EXPO_CONFIGURATION_DEBUG";
				PRODUCT_BUNDLE_IDENTIFIER = tools.tote.app.ShareExtension;
				PRODUCT_NAME = ToteShareExtension;
				SWIFT_ACTIVE_COMPILATION_CONDITIONS = DEBUG;
				SWIFT_VERSION = 5.0;
				VERSIONING_SYSTEM = "apple-generic";
				TARGETED_DEVICE_FAMILY = "1,2";
			};
			name = Debug;
		};
		83CBBA201A601CBA00E9B192 /* Debug */ = {
			isa = XCBuildConfiguration;
			buildSettings = {
				ALWAYS_SEARCH_USER_PATHS = NO;
				CLANG_ANALYZER_LOCALIZABILITY_NONLOCALIZED = YES;
				CLANG_CXX_LANGUAGE_STANDARD = "c++20";
				CLANG_CXX_LIBRARY = "libc++";
				CLANG_ENABLE_MODULES = YES;
				CLANG_ENABLE_OBJC_ARC = YES;
				CLANG_WARN_BLOCK_CAPTURE_AUTORELEASING = YES;
				CLANG_WARN_BOOL_CONVERSION = YES;
				CLANG_WARN_COMMA = YES;
				CLANG_WARN_CONSTANT_CONVERSION = YES;
				CLANG_WARN_DEPRECATED_OBJC_IMPLEMENTATIONS = YES;
				CLANG_WARN_DIRECT_OBJC_ISA_USAGE = YES_ERROR;
				CLANG_WARN_EMPTY_BODY = YES;
				CLANG_WARN_ENUM_CONVERSION = YES;
				CLANG_WARN_INFINITE_RECURSION = YES;
				CLANG_WARN_INT_CONVERSION = YES;
				CLANG_WARN_NON_LITERAL_NULL_CONVERSION = YES;
				CLANG_WARN_OBJC_IMPLICIT_RETAIN_SELF = YES;
				CLANG_WARN_OBJC_LITERAL_CONVERSION = YES;
				CLANG_WARN_OBJC_ROOT_CLASS = YES_ERROR;
				CLANG_WARN_RANGE_LOOP_ANALYSIS = YES;
				CLANG_WARN_STRICT_PROTOTYPES = YES;
				CLANG_WARN_SUSPICIOUS_MOVE = YES;
				CLANG_WARN_UNREACHABLE_CODE = YES;
				CLANG_WARN__DUPLICATE_METHOD_MATCH = YES;
				"CODE_SIGN_IDENTITY[sdk=iphoneos*]" = "iPhone Developer";
				COPY_PHASE_STRIP = NO;
				ENABLE_STRICT_OBJC_MSGSEND = YES;
				ENABLE_TESTABILITY = YES;
				GCC_C_LANGUAGE_STANDARD = gnu99;
				GCC_DYNAMIC_NO_PIC = NO;
				GCC_NO_COMMON_BLOCKS = YES;
				GCC_OPTIMIZATION_LEVEL = 0;
				GCC_PREPROCESSOR_DEFINITIONS = (
					"DEBUG=1",
					"$(inherited)",
				);
				GCC_SYMBOLS_PRIVATE_EXTERN = NO;
				GCC_WARN_64_TO_32_BIT_CONVERSION = YES;
				GCC_WARN_ABOUT_RETURN_TYPE = YES_ERROR;
				GCC_WARN_UNDECLARED_SELECTOR = YES;
				GCC_WARN_UNINITIALIZED_AUTOS = YES_AGGRESSIVE;
				GCC_WARN_UNUSED_FUNCTION = YES;
				GCC_WARN_UNUSED_VARIABLE = YES;
				IPHONEOS_DEPLOYMENT_TARGET = 17.0;
				LD_RUNPATH_SEARCH_PATHS = (
					/usr/lib/swift,
					"$(inherited)",
				);
				LIBRARY_SEARCH_PATHS = "$(SDKROOT)/usr/lib/swift\"$(inherited)\"";
				MTL_ENABLE_DEBUG_INFO = YES;
				ONLY_ACTIVE_ARCH = YES;
				OTHER_CFLAGS = "$(inherited)";
				OTHER_CPLUSPLUSFLAGS = "$(inherited)";
				REACT_NATIVE_PATH = "${PODS_ROOT}/../../../node_modules/.pnpm/react-native@0.83.2_@babel+core@7.28.5_@react-native+metro-config@0.84.1_@babel+core@7._eee25aae5663a7b4565bfb2c500673cc/node_modules/react-native";
				SDKROOT = iphoneos;
				SWIFT_ACTIVE_COMPILATION_CONDITIONS = "$(inherited) DEBUG";
				SWIFT_ENABLE_EXPLICIT_MODULES = NO;
				USE_HERMES = true;
			};
			name = Debug;
		};
		83CBBA211A601CBA00E9B192 /* Release */ = {
			isa = XCBuildConfiguration;
			buildSettings = {
				ALWAYS_SEARCH_USER_PATHS = NO;
				CLANG_ANALYZER_LOCALIZABILITY_NONLOCALIZED = YES;
				CLANG_CXX_LANGUAGE_STANDARD = "c++20";
				CLANG_CXX_LIBRARY = "libc++";
				CLANG_ENABLE_MODULES = YES;
				CLANG_ENABLE_OBJC_ARC = YES;
				CLANG_WARN_BLOCK_CAPTURE_AUTORELEASING = YES;
				CLANG_WARN_BOOL_CONVERSION = YES;
				CLANG_WARN_COMMA = YES;
				CLANG_WARN_CONSTANT_CONVERSION = YES;
				CLANG_WARN_DEPRECATED_OBJC_IMPLEMENTATIONS = YES;
				CLANG_WARN_DIRECT_OBJC_ISA_USAGE = YES_ERROR;
				CLANG_WARN_EMPTY_BODY = YES;
				CLANG_WARN_ENUM_CONVERSION = YES;
				CLANG_WARN_INFINITE_RECURSION = YES;
				CLANG_WARN_INT_CONVERSION = YES;
				CLANG_WARN_NON_LITERAL_NULL_CONVERSION = YES;
				CLANG_WARN_OBJC_IMPLICIT_RETAIN_SELF = YES;
				CLANG_WARN_OBJC_LITERAL_CONVERSION = YES;
				CLANG_WARN_OBJC_ROOT_CLASS = YES_ERROR;
				CLANG_WARN_RANGE_LOOP_ANALYSIS = YES;
				CLANG_WARN_STRICT_PROTOTYPES = YES;
				CLANG_WARN_SUSPICIOUS_MOVE = YES;
				CLANG_WARN_UNREACHABLE_CODE = YES;
				CLANG_WARN__DUPLICATE_METHOD_MATCH = YES;
				"CODE_SIGN_IDENTITY[sdk=iphoneos*]" = "iPhone Developer";
				COPY_PHASE_STRIP = YES;
				ENABLE_NS_ASSERTIONS = NO;
				ENABLE_STRICT_OBJC_MSGSEND = YES;
				GCC_C_LANGUAGE_STANDARD = gnu99;
				GCC_NO_COMMON_BLOCKS = YES;
				GCC_WARN_64_TO_32_BIT_CONVERSION = YES;
				GCC_WARN_ABOUT_RETURN_TYPE = YES_ERROR;
				GCC_WARN_UNDECLARED_SELECTOR = YES;
				GCC_WARN_UNINITIALIZED_AUTOS = YES_AGGRESSIVE;
				GCC_WARN_UNUSED_FUNCTION = YES;
				GCC_WARN_UNUSED_VARIABLE = YES;
				IPHONEOS_DEPLOYMENT_TARGET = 17.0;
				LD_RUNPATH_SEARCH_PATHS = (
					/usr/lib/swift,
					"$(inherited)",
				);
				LIBRARY_SEARCH_PATHS = "$(SDKROOT)/usr/lib/swift\"$(inherited)\"";
				MTL_ENABLE_DEBUG_INFO = NO;
				OTHER_CFLAGS = "$(inherited)";
				OTHER_CPLUSPLUSFLAGS = "$(inherited)";
				REACT_NATIVE_PATH = "${PODS_ROOT}/../../../node_modules/.pnpm/react-native@0.83.2_@babel+core@7.28.5_@react-native+metro-config@0.84.1_@babel+core@7._eee25aae5663a7b4565bfb2c500673cc/node_modules/react-native";
				SDKROOT = iphoneos;
				SWIFT_ENABLE_EXPLICIT_MODULES = NO;
				USE_HERMES = true;
				VALIDATE_PRODUCT = YES;
			};
			name = Release;
		};
		FEC14B0DDDBD4D98B924392E /* Debug */ = {
			name = Debug;
			isa = XCBuildConfiguration;
			buildSettings = {
				CLANG_ENABLE_MODULES = YES;
				CURRENT_PROJECT_VERSION = "1";
				INFOPLIST_FILE = ToteShareExtension/Info.plist;
				IPHONEOS_DEPLOYMENT_TARGET = "15.1";
				LD_RUNPATH_SEARCH_PATHS = "$(inherited) @executable_path/Frameworks @executable_path/../../Frameworks";
				PRODUCT_BUNDLE_IDENTIFIER = "tools.tote.app.ShareExtension";
				PRODUCT_NAME = "ToteShareExtension";
				SWIFT_VERSION = 5.0;
				VERSIONING_SYSTEM = "apple-generic";
				CODE_SIGN_ENTITLEMENTS = ToteShareExtension/ToteShareExtension.entitlements;
				GENERATE_INFOPLIST_FILE = YES;
				MARKETING_VERSION = "1.0.0";
				ENABLE_ON_DEMAND_RESOURCES = NO;
				SWIFT_ACTIVE_COMPILATION_CONDITIONS = DEBUG;
			};
		};
		5E6B4DCC5D6343CB815CD7FA /* Release */ = {
			name = Release;
			isa = XCBuildConfiguration;
			buildSettings = {
				CLANG_ENABLE_MODULES = YES;
				CURRENT_PROJECT_VERSION = "1";
				INFOPLIST_FILE = ToteShareExtension/Info.plist;
				IPHONEOS_DEPLOYMENT_TARGET = "15.1";
				LD_RUNPATH_SEARCH_PATHS = "$(inherited) @executable_path/Frameworks @executable_path/../../Frameworks";
				PRODUCT_BUNDLE_IDENTIFIER = "tools.tote.app.ShareExtension";
				PRODUCT_NAME = "ToteShareExtension";
				SWIFT_VERSION = 5.0;
				VERSIONING_SYSTEM = "apple-generic";
				CODE_SIGN_ENTITLEMENTS = ToteShareExtension/ToteShareExtension.entitlements;
				GENERATE_INFOPLIST_FILE = YES;
				MARKETING_VERSION = "1.0.0";
				ENABLE_ON_DEMAND_RESOURCES = NO;
			};
		};
/* End XCBuildConfiguration section */

/* Begin XCConfigurationList section */
		13B07F931A680F5B00A75B9A /* Build configuration list for PBXNativeTarget "Tote" */ = {
			isa = XCConfigurationList;
			buildConfigurations = (
				13B07F941A680F5B00A75B9A /* Debug */,
				13B07F951A680F5B00A75B9A /* Release */,
			);
			defaultConfigurationIsVisible = 0;
			defaultConfigurationName = Release;
		};
		83CBB9FA1A601CBA00E9B192 /* Build configuration list for PBXProject "Tote" */ = {
			isa = XCConfigurationList;
			buildConfigurations = (
				83CBBA201A601CBA00E9B192 /* Debug */,
				83CBBA211A601CBA00E9B192 /* Release */,
			);
			defaultConfigurationIsVisible = 0;
			defaultConfigurationName = Release;
		};
		90B221C767334168AF08679A /* Build configuration list for PBXNativeTarget "ToteShareExtension" */ = {
			isa = XCConfigurationList;
			buildConfigurations = (
				6F87D58CCE7A4165AAFD2DB3 /* Debug */,
				16731667BB314A2C9CBD6102 /* Release */,
			);
			defaultConfigurationIsVisible = 0;
			defaultConfigurationName = Release;
		};
		CB94248AB50E4B21B97900DC /* Build configuration list for PBXNativeTarget "ToteShareExtension" */ = {
			isa = XCConfigurationList;
			buildConfigurations = (
				FEC14B0DDDBD4D98B924392E /* Debug */,
				5E6B4DCC5D6343CB815CD7FA /* Release */,
			);
			defaultConfigurationIsVisible = 0;
			defaultConfigurationName = Release;
		};
/* End XCConfigurationList section */

/* Begin XCRemoteSwiftPackageReference section */
		0325AE4BCA8742F1AEE427AF = {
			isa = XCRemoteSwiftPackageReference;
			repositoryURL = https://github.com/clerk/clerk-ios.git;
			requirement = {
				kind = exactVersion;
				version = 1.0.0;
			};
		};
/* End XCRemoteSwiftPackageReference section */

/* Begin XCSwiftPackageProductDependency section */
		5C29B0B34A7D411CAE6AA6E9 = {
			isa = XCSwiftPackageProductDependency;
			package = 0325AE4BCA8742F1AEE427AF;
			productName = ClerkKit;
		};
		B42AC54AE28B4CA9AFF7FC31 = {
			isa = XCSwiftPackageProductDependency;
			package = 0325AE4BCA8742F1AEE427AF;
			productName = ClerkKitUI;
		};
/* End XCSwiftPackageProductDependency section */
	};
	rootObject = 83CBB9F71A601CBA00E9B192 /* Project object */;
}
